
Microsoft Visual Studio Solution File, Format Version 12.00
# Visual Studio 2013
VisualStudioVersion = 12.0.31101.0
MinimumVisualStudioVersion = 10.0.40219.1
Project("{FAE04EC0-301F-11D3-BF4B-00C04F79EFBC}") = "Img.EmailQueue.Common", "Img.EmailQueue.Common\Img.EmailQueue.Common.csproj", "{FA6A6885-099C-4ED8-B550-2E62D6D25D91}"
EndProject
Project("{2150E333-8FDC-42A3-9474-1A3956D46DE8}") = "Common", "Common", "{865F8200-45A3-4DCB-8522-48370DB317F0}"
EndProject
Project("{2150E333-8FDC-42A3-9474-1A3956D46DE8}") = "Core", "Core", "{05BD99EE-730E-46DD-A40F-8A9D3A6DC96A}"
EndProject
Project("{2150E333-8FDC-42A3-9474-1A3956D46DE8}") = "Server", "Server", "{31F93F69-6A51-4900-815F-6D67BA74C808}"
EndProject
Project("{2150E333-8FDC-42A3-9474-1A3956D46DE8}") = "Data", "Data", "{0861BCD6-3928-4FAB-8CB5-955E7A6D27F9}"
EndProject
Project("{FAE04EC0-301F-11D3-BF4B-00C04F79EFBC}") = "Img.EmailQueue.Core.Services", "Img.EmailQueue.Core.Services\Img.EmailQueue.Core.Services.csproj", "{0E0743D1-1CCC-4190-B7D7-D539B143D8C0}"
EndProject
Project("{FAE04EC0-301F-11D3-BF4B-00C04F79EFBC}") = "Img.EmailQueue.Data", "Img.EmailQueue.Data\Img.EmailQueue.Data.csproj", "{D111E79C-F3A6-48F2-8C93-998BCD350A38}"
EndProject
Project("{FAE04EC0-301F-11D3-BF4B-00C04F79EFBC}") = "Img.EmailQueue.Server", "Img.EmailQueue.Server\Img.EmailQueue.Server.csproj", "{6A700FC8-767B-4E4F-95DF-5AB2A789AD92}"
EndProject
Project("{FAE04EC0-301F-11D3-BF4B-00C04F79EFBC}") = "Img.EmailQueue.Web", "Img.EmailQueue.Web\Img.EmailQueue.Web.csproj", "{AE1B570F-51FD-4071-B70D-4192FECA0714}"
EndProject
Project("{2150E333-8FDC-42A3-9474-1A3956D46DE8}") = "Other", "Other", "{1FEF5597-C5F9-4C4F-9D8D-92A64FA0DE71}"
EndProject
Project("{FAE04EC0-301F-11D3-BF4B-00C04F79EFBC}") = "Img.EmailQueue.UnitTesting", "Img.EmailQueue.UnitTesting\Img.EmailQueue.UnitTesting.csproj", "{3667034A-A81A-476F-B30E-B4A9D95287FF}"
EndProject
Project("{2150E333-8FDC-42A3-9474-1A3956D46DE8}") = "Database", "Database", "{FE59F0BA-81A5-4379-AE68-B654854ACCED}"
EndProject
Project("{00D1A9C2-B5F0-4AF3-8072-F6C62B433612}") = "Img.EmailQueue.Database", "Img.EmailQueue.Database\Img.EmailQueue.Database.sqlproj", "{EDBB09B8-C94E-46BC-A163-66CD14562108}"
EndProject
Project("{FAE04EC0-301F-11D3-BF4B-00C04F79EFBC}") = "Img.EmailQueue.Client", "Img.EmailQueue.Client\Img.EmailQueue.Client.csproj", "{BA94D77A-4332-4580-AF39-4D5CE3E4195B}"
EndProject
Project("{FAE04EC0-301F-11D3-BF4B-00C04F79EFBC}") = "Img.EmailQueue.EmailService", "Img.EmailQueue.EmailService\Img.EmailQueue.EmailService.csproj", "{DD8D230A-14DF-40FE-A2C8-93066EA66219}"
EndProject
Global
	GlobalSection(SolutionConfigurationPlatforms) = preSolution
		Debug|Any CPU = Debug|Any CPU
		Release|Any CPU = Release|Any CPU
	EndGlobalSection
	GlobalSection(ProjectConfigurationPlatforms) = postSolution
		{FA6A6885-099C-4ED8-B550-2E62D6D25D91}.Debug|Any CPU.ActiveCfg = Debug|Any CPU
		{FA6A6885-099C-4ED8-B550-2E62D6D25D91}.Debug|Any CPU.Build.0 = Debug|Any CPU
		{FA6A6885-099C-4ED8-B550-2E62D6D25D91}.Release|Any CPU.ActiveCfg = Release|Any CPU
		{FA6A6885-099C-4ED8-B550-2E62D6D25D91}.Release|Any CPU.Build.0 = Release|Any CPU
		{0E0743D1-1CCC-4190-B7D7-D539B143D8C0}.Debug|Any CPU.ActiveCfg = Debug|Any CPU
		{0E0743D1-1CCC-4190-B7D7-D539B143D8C0}.Debug|Any CPU.Build.0 = Debug|Any CPU
		{0E0743D1-1CCC-4190-B7D7-D539B143D8C0}.Release|Any CPU.ActiveCfg = Release|Any CPU
		{0E0743D1-1CCC-4190-B7D7-D539B143D8C0}.Release|Any CPU.Build.0 = Release|Any CPU
		{D111E79C-F3A6-48F2-8C93-998BCD350A38}.Debug|Any CPU.ActiveCfg = Debug|Any CPU
		{D111E79C-F3A6-48F2-8C93-998BCD350A38}.Debug|Any CPU.Build.0 = Debug|Any CPU
		{D111E79C-F3A6-48F2-8C93-998BCD350A38}.Release|Any CPU.ActiveCfg = Release|Any CPU
		{D111E79C-F3A6-48F2-8C93-998BCD350A38}.Release|Any CPU.Build.0 = Release|Any CPU
		{6A700FC8-767B-4E4F-95DF-5AB2A789AD92}.Debug|Any CPU.ActiveCfg = Debug|Any CPU
		{6A700FC8-767B-4E4F-95DF-5AB2A789AD92}.Debug|Any CPU.Build.0 = Debug|Any CPU
		{6A700FC8-767B-4E4F-95DF-5AB2A789AD92}.Release|Any CPU.ActiveCfg = Release|Any CPU
		{6A700FC8-767B-4E4F-95DF-5AB2A789AD92}.Release|Any CPU.Build.0 = Release|Any CPU
		{AE1B570F-51FD-4071-B70D-4192FECA0714}.Debug|Any CPU.ActiveCfg = Debug|Any CPU
		{AE1B570F-51FD-4071-B70D-4192FECA0714}.Debug|Any CPU.Build.0 = Debug|Any CPU
		{AE1B570F-51FD-4071-B70D-4192FECA0714}.Release|Any CPU.ActiveCfg = Release|Any CPU
		{AE1B570F-51FD-4071-B70D-4192FECA0714}.Release|Any CPU.Build.0 = Release|Any CPU
		{3667034A-A81A-476F-B30E-B4A9D95287FF}.Debug|Any CPU.ActiveCfg = Debug|Any CPU
		{3667034A-A81A-476F-B30E-B4A9D95287FF}.Debug|Any CPU.Build.0 = Debug|Any CPU
		{3667034A-A81A-476F-B30E-B4A9D95287FF}.Release|Any CPU.ActiveCfg = Release|Any CPU
		{3667034A-A81A-476F-B30E-B4A9D95287FF}.Release|Any CPU.Build.0 = Release|Any CPU
		{EDBB09B8-C94E-46BC-A163-66CD14562108}.Debug|Any CPU.ActiveCfg = Debug|Any CPU
		{EDBB09B8-C94E-46BC-A163-66CD14562108}.Debug|Any CPU.Build.0 = Debug|Any CPU
		{EDBB09B8-C94E-46BC-A163-66CD14562108}.Debug|Any CPU.Deploy.0 = Debug|Any CPU
		{EDBB09B8-C94E-46BC-A163-66CD14562108}.Release|Any CPU.ActiveCfg = Release|Any CPU
		{EDBB09B8-C94E-46BC-A163-66CD14562108}.Release|Any CPU.Build.0 = Release|Any CPU
		{EDBB09B8-C94E-46BC-A163-66CD14562108}.Release|Any CPU.Deploy.0 = Release|Any CPU
		{BA94D77A-4332-4580-AF39-4D5CE3E4195B}.Debug|Any CPU.ActiveCfg = Debug|Any CPU
		{BA94D77A-4332-4580-AF39-4D5CE3E4195B}.Debug|Any CPU.Build.0 = Debug|Any CPU
		{BA94D77A-4332-4580-AF39-4D5CE3E4195B}.Release|Any CPU.ActiveCfg = Release|Any CPU
		{BA94D77A-4332-4580-AF39-4D5CE3E4195B}.Release|Any CPU.Build.0 = Release|Any CPU
		{DD8D230A-14DF-40FE-A2C8-93066EA66219}.Debug|Any CPU.ActiveCfg = Debug|Any CPU
		{DD8D230A-14DF-40FE-A2C8-93066EA66219}.Debug|Any CPU.Build.0 = Debug|Any CPU
		{DD8D230A-14DF-40FE-A2C8-93066EA66219}.Release|Any CPU.ActiveCfg = Release|Any CPU
		{DD8D230A-14DF-40FE-A2C8-93066EA66219}.Release|Any CPU.Build.0 = Release|Any CPU
	EndGlobalSection
	GlobalSection(SolutionProperties) = preSolution
		HideSolutionNode = FALSE
	EndGlobalSection
	GlobalSection(NestedProjects) = preSolution
		{FA6A6885-099C-4ED8-B550-2E62D6D25D91} = {865F8200-45A3-4DCB-8522-48370DB317F0}
		{0E0743D1-1CCC-4190-B7D7-D539B143D8C0} = {05BD99EE-730E-46DD-A40F-8A9D3A6DC96A}
		{D111E79C-F3A6-48F2-8C93-998BCD350A38} = {0861BCD6-3928-4FAB-8CB5-955E7A6D27F9}
		{6A700FC8-767B-4E4F-95DF-5AB2A789AD92} = {31F93F69-6A51-4900-815F-6D67BA74C808}
		{AE1B570F-51FD-4071-B70D-4192FECA0714} = {31F93F69-6A51-4900-815F-6D67BA74C808}
		{3667034A-A81A-476F-B30E-B4A9D95287FF} = {1FEF5597-C5F9-4C4F-9D8D-92A64FA0DE71}
		{EDBB09B8-C94E-46BC-A163-66CD14562108} = {FE59F0BA-81A5-4379-AE68-B654854ACCED}
		{BA94D77A-4332-4580-AF39-4D5CE3E4195B} = {1FEF5597-C5F9-4C4F-9D8D-92A64FA0DE71}
		{DD8D230A-14DF-40FE-A2C8-93066EA66219} = {31F93F69-6A51-4900-815F-6D67BA74C808}
	EndGlobalSection
EndGlobal
